
Microsoft Visual Studio Solution File, Format Version 12.00
Project("{FAE04EC0-301F-11D3-BF4B-00C04F79EFBC}") = "Jellyfin.Plugin.TvMaze", "Jellyfin.Plugin.TvMaze\Jellyfin.Plugin.TvMaze.csproj", "{E19BAF7F-0FF0-4C8C-8EA4-831E448467CB}"
EndProject
Global
	GlobalSection(SolutionConfigurationPlatforms) = preSolution
		Debug|Any CPU = Debug|Any CPU
		Release|Any CPU = Release|Any CPU
	EndGlobalSection
	GlobalSection(ProjectConfigurationPlatforms) = postSolution
		{E19BAF7F-0FF0-4C8C-8EA4-831E448467CB}.Debug|Any CPU.ActiveCfg = Debug|Any CPU
		{E19BAF7F-0FF0-4C8C-8EA4-831E448467CB}.Debug|Any CPU.Build.0 = Debug|Any CPU
		{E19BAF7F-0FF0-4C8C-8EA4-831E448467CB}.Release|Any CPU.ActiveCfg = Release|Any CPU
		{E19BAF7F-0FF0-4C8C-8EA4-831E448467CB}.Release|Any CPU.Build.0 = Release|Any CPU
	EndGlobalSection
EndGlobal
